{
  "nodes": {
    "crane": {
      "locked": {
        "lastModified": 1762538466,
        "narHash": "sha256-8zrIPl6J+wLm9MH5ksHcW7BUHo7jSNOu0/hA0ohOOaM=",
        "owner": "ipetkov",
        "repo": "crane",
        "rev": "0cea393fffb39575c46b7a0318386467272182fe",
        "type": "github"
      },
      "original": {
        "owner": "ipetkov",
        "repo": "crane",
        "type": "github"
      }
    },
    "flake-parts": {
      "inputs": {
        "nixpkgs-lib": "nixpkgs-lib"
      },
      "locked": {
        "lastModified": 1762440070,
        "narHash": "sha256-xxdepIcb39UJ94+YydGP221rjnpkDZUlykKuF54PsqI=",
        "owner": "hercules-ci",
        "repo": "flake-parts",
        "rev": "26d05891e14c88eb4a5d5bee659c0db5afb609d8",
        "type": "github"
      },
      "original": {
        "owner": "hercules-ci",
        "repo": "flake-parts",
        "type": "github"
      }
    },
    "nixpkgs": {
      "locked": {
        "lastModified": 1762596750,
        "narHash": "sha256-rXXuz51Bq7DHBlfIjN7jO8Bu3du5TV+3DSADBX7/9YQ=",
        "owner": "NixOS",
        "repo": "nixpkgs",
        "rev": "b6a8526db03f735b89dd5ff348f53f752e7ddc8e",
        "type": "github"
      },
      "original": {
        "owner": "NixOS",
        "ref": "nixos-unstable",
        "repo": "nixpkgs",
        "type": "github"
      }
    },
    "nixpkgs-lib": {
      "locked": {
        "lastModified": 1761765539,
        "narHash": "sha256-b0yj6kfvO8ApcSE+QmA6mUfu8IYG6/uU28OFn4PaC8M=",
        "owner": "nix-community",
        "repo": "nixpkgs.lib",
        "rev": "719359f4562934ae99f5443f20aa06c2ffff91fc",
        "type": "github"
      },
      "original": {
        "owner": "nix-community",
        "repo": "nixpkgs.lib",
        "type": "github"
      }
    },
    "root": {
      "inputs": {
        "crane": "crane",
        "flake-parts": "flake-parts",
        "nixpkgs": "nixpkgs",
        "rust-overlay": "rust-overlay"
      }
    },
    "rust-overlay": {
      "inputs": {
        "nixpkgs": [
          "nixpkgs"
        ]
      },
      "locked": {
        "lastModified": 1762742448,
        "narHash": "sha256-XMxV0h13gg63s0sV6beihCIqdpcJhtbse6DHI743nvo=",
        "owner": "oxalica",
        "repo": "rust-overlay",
        "rev": "7f3556887e3375dc26ff1601b57c93ee286f2c5e",
        "type": "github"
      },
      "original": {
        "owner": "oxalica",
        "repo": "rust-overlay",
        "type": "github"
      }
    }
  },
  "root": "root",
  "version": 7
}
